
Microsoft Visual Studio Solution File, Format Version 12.00
# Visual Studio Version 17
VisualStudioVersion = 17.11.35219.272
MinimumVisualStudioVersion = 10.0.40219.1
Project("{FAE04EC0-301F-11D3-BF4B-00C04F79EFBC}") = "WebAppAureGithub", "WebAppAureGithub.csproj", "{C1D8BC60-B688-4418-9E2B-40BC407AB29D}"
EndProject
Global
	GlobalSection(SolutionConfigurationPlatforms) = preSolution
		Debug|Any CPU = Debug|Any CPU
		Release|Any CPU = Release|Any CPU
	EndGlobalSection
	GlobalSection(ProjectConfigurationPlatforms) = postSolution
		{C1D8BC60-B688-4418-9E2B-40BC407AB29D}.Debug|Any CPU.ActiveCfg = Debug|Any CPU
		{C1D8BC60-B688-4418-9E2B-40BC407AB29D}.Debug|Any CPU.Build.0 = Debug|Any CPU
		{C1D8BC60-B688-4418-9E2B-40BC407AB29D}.Release|Any CPU.ActiveCfg = Release|Any CPU
		{C1D8BC60-B688-4418-9E2B-40BC407AB29D}.Release|Any CPU.Build.0 = Release|Any CPU
	EndGlobalSection
	GlobalSection(SolutionProperties) = preSolution
		HideSolutionNode = FALSE
	EndGlobalSection
	GlobalSection(ExtensibilityGlobals) = postSolution
		SolutionGuid = {7505C507-1422-431B-A81D-0BBAF88C4931}
	EndGlobalSection
EndGlobal
